<?xml version="1.0" encoding="utf-8"?>
<Project ToolsVersion="4.0" xmlns="http://schemas.microsoft.com/developer/msbuild/2003">
  <ItemGroup>
    <Filter Include="Source Files">
      <UniqueIdentifier>{4FC737F1-C7A5-4376-A066-2A32D752A2FF}</UniqueIdentifier>
      <Extensions>cpp;c;cc;cxx;c++;cppm;ixx;def;odl;idl;hpj;bat;asm;asmx</Extensions>
    </Filter>
    <Filter Include="Header Files">
      <UniqueIdentifier>{93995380-89BD-4b04-88EB-625FBE52EBFB}</UniqueIdentifier>
      <Extensions>h;hh;hpp;hxx;h++;hm;inl;inc;ipp;xsd</Extensions>
    </Filter>
    <Filter Include="Resource Files">
      <UniqueIdentifier>{67DA6AB6-F800-4c08-8B7A-83BB121AAD01}</UniqueIdentifier>
      <Extensions>rc;ico;cur;bmp;dlg;rc2;rct;bin;rgs;gif;jpg;jpeg;jpe;resx;tiff;tif;png;wav;mfcribbon-ms</Extensions>
    </Filter>
    <Filter Include="Source Files\States">
      <UniqueIdentifier>{1f1dade4-9630-419a-b7ac-0d2edb80b3f6}</UniqueIdentifier>
    </Filter>
    <Filter Include="Header Files\States">
      <UniqueIdentifier>{e8ba93c1-d5d5-4099-ba5a-4a72c92f9488}</UniqueIdentifier>
    </Filter>
    <Filter Include="Header Files\Animation">
      <UniqueIdentifier>{686090bd-94fe-4479-a5b5-1dd35acfa868}</UniqueIdentifier>
    </Filter>
    <Filter Include="Source Files\Animation">
      <UniqueIdentifier>{c8cf586c-807b-4907-9819-b544acc84116}</UniqueIdentifier>
    </Filter>
    <Filter Include="Header Files\Managers">
      <UniqueIdentifier>{ed7fb1b0-698b-44b2-8661-f30de01a3db9}</UniqueIdentifier>
    </Filter>
    <Filter Include="Source Files\Managers">
      <UniqueIdentifier>{246459cb-d696-4342-8931-680df0a359e3}</UniqueIdentifier>
    </Filter>
    <Filter Include="Header Files\Entity">
      <UniqueIdentifier>{fec5ccad-6e1c-41f1-b3e9-c400273fc301}</UniqueIdentifier>
    </Filter>
    <Filter Include="Source Files\Entity">
      <UniqueIdentifier>{e11b83b9-560d-4e26-bcae-289ba50cd3ec}</UniqueIdentifier>
    </Filter>
    <Filter Include="Header Files\Game-GUI">
      <UniqueIdentifier>{5bf75e14-eb6a-4a3f-b8d6-9564d9ec50c1}</UniqueIdentifier>
    </Filter>
    <Filter Include="Source Files\Game_GUI">
      <UniqueIdentifier>{9f6f6531-0f88-472f-88ad-78c83a60561a}</UniqueIdentifier>
    </Filter>
    <Filter Include="Header Files\Audio">
      <UniqueIdentifier>{b8ef6bf6-0ef1-4b2e-b8e2-4bd0431666a9}</UniqueIdentifier>
    </Filter>
    <Filter Include="Source Files\Audio">
      <UniqueIdentifier>{1416d2e4-3140-4b62-a79b-08cc6007410e}</UniqueIdentifier>
    </Filter>
    <Filter Include="Header Files\C">
      <UniqueIdentifier>{5b32d4ee-fb5f-48fa-a467-02a0fc7e5e11}</UniqueIdentifier>
    </Filter>
    <Filter Include="Header Files\S">
      <UniqueIdentifier>{28b798ce-7b5f-489d-ae42-990c194c1a40}</UniqueIdentifier>
    </Filter>
    <Filter Include="Source Files\S">
      <UniqueIdentifier>{1ea353f2-8ab1-4545-9ec4-0e370300163b}</UniqueIdentifier>
    </Filter>
  </ItemGroup>
  <ItemGroup>
    <ClInclude Include="Game.h">
      <Filter>Header Files</Filter>
    </ClInclude>
    <ClInclude Include="SpriteSheet.h">
      <Filter>Header Files</Filter>
    </ClInclude>
    <ClInclude Include="Window.h">
      <Filter>Header Files</Filter>
    </ClInclude>
    <ClInclude Include="StateManager.h">
      <Filter>Header Files\States</Filter>
    </ClInclude>
    <ClInclude Include="State_Game.h">
      <Filter>Header Files\States</Filter>
    </ClInclude>
    <ClInclude Include="State_GameOver.h">
      <Filter>Header Files\States</Filter>
    </ClInclude>
    <ClInclude Include="State_Credits.h">
      <Filter>Header Files\States</Filter>
    </ClInclude>
    <ClInclude Include="State_MainMenu.h">
      <Filter>Header Files\States</Filter>
    </ClInclude>
    <ClInclude Include="State_Paused.h">
      <Filter>Header Files\States</Filter>
    </ClInclude>
    <ClInclude Include="BaseState.h">
      <Filter>Header Files\States</Filter>
    </ClInclude>
    <ClInclude Include="TextureManager.h">
      <Filter>Header Files\Managers</Filter>
    </ClInclude>
    <ClInclude Include="ResourceManager.h">
      <Filter>Header Files\Managers</Filter>
    </ClInclude>
    <ClInclude Include="EventManager.h">
      <Filter>Header Files\Managers</Filter>
    </ClInclude>
    <ClInclude Include="GameObject.h">
      <Filter>Header Files\Entity</Filter>
    </ClInclude>
    <ClInclude Include="Bee.h">
      <Filter>Header Files\Entity</Filter>
    </ClInclude>
    <ClInclude Include="Cloud.h">
      <Filter>Header Files\Entity</Filter>
    </ClInclude>
    <ClInclude Include="SharedContext.h">
      <Filter>Header Files\Managers</Filter>
    </ClInclude>
    <ClInclude Include="Directions.h">
      <Filter>Header Files</Filter>
    </ClInclude>
    <ClInclude Include="Tree.h">
      <Filter>Header Files\Entity</Filter>
    </ClInclude>
    <ClInclude Include="Branch.h">
      <Filter>Header Files\Entity</Filter>
    </ClInclude>
    <ClInclude Include="Player.h">
      <Filter>Header Files\Entity</Filter>
    </ClInclude>
    <ClInclude Include="PlayerGameHandler.h">
      <Filter>Header Files</Filter>
    </ClInclude>
    <ClInclude Include="FontManager.h">
      <Filter>Header Files\Managers</Filter>
    </ClInclude>
    <ClInclude Include="State_Settings.h">
      <Filter>Header Files\States</Filter>
    </ClInclude>
    <ClInclude Include="ScoreHandler.h">
      <Filter>Header Files\Game-GUI</Filter>
    </ClInclude>
    <ClInclude Include="FlyingLog.h">
      <Filter>Header Files\Entity</Filter>
    </ClInclude>
    <ClInclude Include="AudioManager.h">
      <Filter>Header Files\Audio</Filter>
    </ClInclude>
    <ClInclude Include="SoundManager.h">
      <Filter>Header Files\Audio</Filter>
    </ClInclude>
    <ClInclude Include="SoundProps.h">
      <Filter>Header Files\Audio</Filter>
    </ClInclude>
    <ClInclude Include="C_SoundEmitter.h">
      <Filter>Header Files\Audio</Filter>
    </ClInclude>
    <ClInclude Include="C_SoundListener.h">
      <Filter>Header Files\Audio</Filter>
    </ClInclude>
    <ClInclude Include="S_Sound.h">
      <Filter>Header Files\Audio</Filter>
    </ClInclude>
    <ClInclude Include="System_Manager.h">
      <Filter>Header Files\Managers</Filter>
    </ClInclude>
    <ClInclude Include="Communicator.h">
      <Filter>Header Files</Filter>
    </ClInclude>
    <ClInclude Include="DebugOverlay.h">
      <Filter>Header Files</Filter>
    </ClInclude>
    <ClInclude Include="ECS_Types.h">
      <Filter>Header Files</Filter>
    </ClInclude>
    <ClInclude Include="Entity_Manager.h">
      <Filter>Header Files</Filter>
    </ClInclude>
    <ClInclude Include="EntityEvents.h">
      <Filter>Header Files</Filter>
    </ClInclude>
    <ClInclude Include="EntityMessages.h">
      <Filter>Header Files</Filter>
    </ClInclude>
    <ClInclude Include="Event_Queue.h">
      <Filter>Header Files</Filter>
    </ClInclude>
    <ClInclude Include="Map.h">
      <Filter>Header Files</Filter>
    </ClInclude>
    <ClInclude Include="Message.h">
      <Filter>Header Files</Filter>
    </ClInclude>
    <ClInclude Include="MessageHandler.h">
      <Filter>Header Files</Filter>
    </ClInclude>
    <ClInclude Include="Observer.h">
      <Filter>Header Files</Filter>
    </ClInclude>
    <ClInclude Include="Anim_Directional.h">
      <Filter>Header Files\Animation</Filter>
    </ClInclude>
    <ClInclude Include="Anim_Base.h">
      <Filter>Header Files\Animation</Filter>
    </ClInclude>
    <ClInclude Include="C_Base.h">
      <Filter>Header Files\C</Filter>
    </ClInclude>
    <ClInclude Include="C_Collidable.h">
      <Filter>Header Files\C</Filter>
    </ClInclude>
    <ClInclude Include="C_Controller.h">
      <Filter>Header Files\C</Filter>
    </ClInclude>
    <ClInclude Include="C_Drawable.h">
      <Filter>Header Files\C</Filter>
    </ClInclude>
    <ClInclude Include="C_Movable.h">
      <Filter>Header Files\C</Filter>
    </ClInclude>
    <ClInclude Include="C_Position.h">
      <Filter>Header Files\C</Filter>
    </ClInclude>
    <ClInclude Include="C_SpriteSheet.h">
      <Filter>Header Files\C</Filter>
    </ClInclude>
    <ClInclude Include="C_State.h">
      <Filter>Header Files\C</Filter>
    </ClInclude>
    <ClInclude Include="Bitmask.h">
      <Filter>Header Files\C</Filter>
    </ClInclude>
    <ClInclude Include="S_Base.h">
      <Filter>Header Files\S</Filter>
    </ClInclude>
    <ClInclude Include="S_Collision.h">
      <Filter>Header Files\S</Filter>
    </ClInclude>
    <ClInclude Include="S_Control.h">
      <Filter>Header Files\S</Filter>
    </ClInclude>
    <ClInclude Include="S_Movement.h">
      <Filter>Header Files\S</Filter>
    </ClInclude>
    <ClInclude Include="S_Renderer.h">
      <Filter>Header Files\S</Filter>
    </ClInclude>
    <ClInclude Include="S_SheetAnimation.h">
      <Filter>Header Files\S</Filter>
    </ClInclude>
    <ClInclude Include="S_State.h">
      <Filter>Header Files\S</Filter>
    </ClInclude>
  </ItemGroup>
  <ItemGroup>
    <ClCompile Include="Game.cpp">
      <Filter>Source Files</Filter>
    </ClCompile>
    <ClCompile Include="Main.cpp">
      <Filter>Source Files</Filter>
    </ClCompile>
    <ClCompile Include="SpriteSheet.cpp">
      <Filter>Source Files</Filter>
    </ClCompile>
    <ClCompile Include="Window.cpp">
      <Filter>Source Files</Filter>
    </ClCompile>
    <ClCompile Include="StateManager.cpp">
      <Filter>Source Files\States</Filter>
    </ClCompile>
    <ClCompile Include="State_Game.cpp">
      <Filter>Source Files\States</Filter>
    </ClCompile>
    <ClCompile Include="State_GameOver.cpp">
      <Filter>Source Files\States</Filter>
    </ClCompile>
    <ClCompile Include="State_Credits.cpp">
      <Filter>Source Files\States</Filter>
    </ClCompile>
    <ClCompile Include="State_MainMenu.cpp">
      <Filter>Source Files\States</Filter>
    </ClCompile>
    <ClCompile Include="State_Paused.cpp">
      <Filter>Source Files\States</Filter>
    </ClCompile>
    <ClCompile Include="EventManager.cpp">
      <Filter>Source Files\Managers</Filter>
    </ClCompile>
    <ClCompile Include="Bee.cpp">
      <Filter>Source Files\Entity</Filter>
    </ClCompile>
    <ClCompile Include="Cloud.cpp">
      <Filter>Source Files\Entity</Filter>
    </ClCompile>
    <ClCompile Include="Tree.cpp">
      <Filter>Source Files\Entity</Filter>
    </ClCompile>
    <ClCompile Include="Branch.cpp">
      <Filter>Source Files\Entity</Filter>
    </ClCompile>
    <ClCompile Include="Player.cpp">
      <Filter>Source Files\Entity</Filter>
    </ClCompile>
    <ClCompile Include="PlayerGameHandler.cpp">
      <Filter>Source Files</Filter>
    </ClCompile>
    <ClCompile Include="State_Settings.cpp">
      <Filter>Source Files\States</Filter>
    </ClCompile>
    <ClCompile Include="ScoreHandler.cpp">
      <Filter>Source Files\Game_GUI</Filter>
    </ClCompile>
    <ClCompile Include="FlyingLog.cpp">
      <Filter>Source Files\Entity</Filter>
    </ClCompile>
    <ClCompile Include="SoundManager.cpp">
      <Filter>Source Files\Audio</Filter>
    </ClCompile>
    <ClCompile Include="S_Sound.cpp">
      <Filter>Source Files\Audio</Filter>
    </ClCompile>
    <ClCompile Include="System_Manager.cpp">
      <Filter>Source Files\Managers</Filter>
    </ClCompile>
    <ClCompile Include="Anim_Base.cpp">
      <Filter>Source Files</Filter>
    </ClCompile>
    <ClCompile Include="Anim_Directional.cpp">
      <Filter>Source Files</Filter>
    </ClCompile>
    <ClCompile Include="Entity_Manager.cpp">
      <Filter>Source Files</Filter>
    </ClCompile>
    <ClCompile Include="Map.cpp">
      <Filter>Source Files</Filter>
    </ClCompile>
    <ClCompile Include="S_Base.cpp">
      <Filter>Source Files\S</Filter>
    </ClCompile>
    <ClCompile Include="S_Collision.cpp">
      <Filter>Source Files\S</Filter>
    </ClCompile>
    <ClCompile Include="S_Control.cpp">
      <Filter>Source Files\S</Filter>
    </ClCompile>
    <ClCompile Include="S_Movement.cpp">
      <Filter>Source Files\S</Filter>
    </ClCompile>
    <ClCompile Include="S_Renderer.cpp">
      <Filter>Source Files\S</Filter>
    </ClCompile>
    <ClCompile Include="S_SheetAnimation.cpp">
      <Filter>Source Files\S</Filter>
    </ClCompile>
    <ClCompile Include="S_State.cpp">
      <Filter>Source Files\S</Filter>
    </ClCompile>
  </ItemGroup>
</Project>